
Microsoft Visual Studio Solution File, Format Version 12.00
# Visual Studio 15
VisualStudioVersion = 15.0.27703.2000
MinimumVisualStudioVersion = 10.0.40219.1
Project("{FAE04EC0-301F-11D3-BF4B-00C04F79EFBC}") = "TheLearningAgentClient", "TheLearningAgentClient\TheLearningAgentClient.csproj", "{7621B3AB-1B60-4381-AF04-DD455A00CBA2}"
EndProject
Project("{54435603-DBB4-11D2-8724-00A0C9A8B90C}") = "Setup", "Setup\Setup.vdproj", "{AD79CB7A-3E84-44F7-8547-13EDA197E20C}"
EndProject
Project("{FAE04EC0-301F-11D3-BF4B-00C04F79EFBC}") = "CreateDB", "CreateDB\CreateDB.csproj", "{BD8A9858-DB0D-420F-9674-92486B633709}"
EndProject
Global
	GlobalSection(SolutionConfigurationPlatforms) = preSolution
		Debug|Any CPU = Debug|Any CPU
		Release|Any CPU = Release|Any CPU
	EndGlobalSection
	GlobalSection(ProjectConfigurationPlatforms) = postSolution
		{7621B3AB-1B60-4381-AF04-DD455A00CBA2}.Debug|Any CPU.ActiveCfg = Debug|Any CPU
		{7621B3AB-1B60-4381-AF04-DD455A00CBA2}.Debug|Any CPU.Build.0 = Debug|Any CPU
		{7621B3AB-1B60-4381-AF04-DD455A00CBA2}.Release|Any CPU.ActiveCfg = Release|Any CPU
		{7621B3AB-1B60-4381-AF04-DD455A00CBA2}.Release|Any CPU.Build.0 = Release|Any CPU
		{AD79CB7A-3E84-44F7-8547-13EDA197E20C}.Debug|Any CPU.ActiveCfg = Debug
		{AD79CB7A-3E84-44F7-8547-13EDA197E20C}.Release|Any CPU.ActiveCfg = Release
		{BD8A9858-DB0D-420F-9674-92486B633709}.Debug|Any CPU.ActiveCfg = Debug|Any CPU
		{BD8A9858-DB0D-420F-9674-92486B633709}.Debug|Any CPU.Build.0 = Debug|Any CPU
		{BD8A9858-DB0D-420F-9674-92486B633709}.Release|Any CPU.ActiveCfg = Release|Any CPU
		{BD8A9858-DB0D-420F-9674-92486B633709}.Release|Any CPU.Build.0 = Release|Any CPU
	EndGlobalSection
	GlobalSection(SolutionProperties) = preSolution
		HideSolutionNode = FALSE
	EndGlobalSection
	GlobalSection(ExtensibilityGlobals) = postSolution
		SolutionGuid = {70D18726-E445-48E8-B060-6A39FA42CC72}
	EndGlobalSection
EndGlobal
